<?xml version="1.0" encoding="utf-8"?>
<Project ToolsVersion="4.0" xmlns="http://schemas.microsoft.com/developer/msbuild/2003">
  <ItemGroup>
    <Filter Include="Source Files">
      <UniqueIdentifier>{4FC737F1-C7A5-4376-A066-2A32D752A2FF}</UniqueIdentifier>
      <Extensions>cpp;c;cc;cxx;def;odl;idl;hpj;bat;asm;asmx</Extensions>
    </Filter>
    <Filter Include="Header Files">
      <UniqueIdentifier>{93995380-89BD-4b04-88EB-625FBE52EBFB}</UniqueIdentifier>
      <Extensions>h;hpp;hxx;hm;inl;inc;xsd</Extensions>
    </Filter>
    <Filter Include="Resource Files">
      <UniqueIdentifier>{67DA6AB6-F800-4c08-8B7A-83BB121AAD01}</UniqueIdentifier>
      <Extensions>rc;ico;cur;bmp;dlg;rc2;rct;bin;rgs;gif;jpg;jpeg;jpe;resx;tiff;tif;png;wav;mfcribbon-ms</Extensions>
    </Filter>
  </ItemGroup>
  <ItemGroup>
    <None Include="ReadMe.txt" />
    <None Include="res\Loki.rc2">
      <Filter>Resource Files</Filter>
    </None>
    <None Include="res\Loki.ico">
      <Filter>Resource Files</Filter>
    </None>
    <None Include="mdi.ico">
      <Filter>Resource Files</Filter>
    </None>
    <None Include="res\MapDoc.ico">
      <Filter>Resource Files</Filter>
    </None>
    <None Include="res\idr_robo.ico">
      <Filter>Resource Files</Filter>
    </None>
    <None Include="res\idr_setu.ico">
      <Filter>Resource Files</Filter>
    </None>
    <None Include="res\Toolbar.bmp">
      <Filter>Resource Files</Filter>
    </None>
    <None Include="res\test256.bmp">
      <Filter>Resource Files</Filter>
    </None>
    <None Include="res\bitmap2.bmp">
      <Filter>Resource Files</Filter>
    </None>
    <None Include="res\StarTrek1.bmp">
      <Filter>Resource Files</Filter>
    </None>
    <None Include="res\cursor1.cur">
      <Filter>Resource Files</Filter>
    </None>
    <None Include="..\RobotKinectViewer\SpeechEnums.cs">
      <Filter>Header Files</Filter>
    </None>
  </ItemGroup>
  <ItemGroup>
    <ClInclude Include="stdafx.h">
      <Filter>Header Files</Filter>
    </ClInclude>
    <ClInclude Include="targetver.h">
      <Filter>Header Files</Filter>
    </ClInclude>
    <ClInclude Include="Resource.h">
      <Filter>Header Files</Filter>
    </ClInclude>
    <ClInclude Include="..\Common\ArmControl.h">
      <Filter>Header Files</Filter>
    </ClInclude>
    <ClInclude Include="..\Common\ChildFrm.h">
      <Filter>Header Files</Filter>
    </ClInclude>
    <ClInclude Include="..\Common\Config.h">
      <Filter>Header Files</Filter>
    </ClInclude>
    <ClInclude Include="..\Common\DynamixelControl.h">
      <Filter>Header Files</Filter>
    </ClInclude>
    <ClInclude Include="..\Common\Globals.h">
      <Filter>Header Files</Filter>
    </ClInclude>
    <ClInclude Include="..\Common\GridMap.h">
      <Filter>Header Files</Filter>
    </ClInclude>
    <ClInclude Include="..\Common\HardwareCmds.h">
      <Filter>Header Files</Filter>
    </ClInclude>
    <ClInclude Include="..\Common\HardwareConfig.h">
      <Filter>Header Files</Filter>
    </ClInclude>
    <ClInclude Include="..\Common\HeadControl.h">
      <Filter>Header Files</Filter>
    </ClInclude>
    <ClInclude Include="..\Common\HtmlCtrl.h">
      <Filter>Header Files</Filter>
    </ClInclude>
    <ClInclude Include="..\Common\HWInterface.h">
      <Filter>Header Files</Filter>
    </ClInclude>
    <ClInclude Include="..\Common\KerrControl.h">
      <Filter>Header Files</Filter>
    </ClInclude>
    <ClInclude Include="..\Common\Kinect.h">
      <Filter>Header Files</Filter>
    </ClInclude>
    <ClInclude Include="..\Common\LaserDisplayWnd.h">
      <Filter>Header Files</Filter>
    </ClInclude>
    <ClInclude Include="..\Common\LaserScanner.h">
      <Filter>Header Files</Filter>
    </ClInclude>
    <ClInclude Include="..\Common\MainFrm.h">
      <Filter>Header Files</Filter>
    </ClInclude>
    <ClInclude Include="..\Common\MapDoc.h">
      <Filter>Header Files</Filter>
    </ClInclude>
    <ClInclude Include="..\Common\MapView.h">
      <Filter>Header Files</Filter>
    </ClInclude>
    <ClInclude Include="..\Common\micropather.h">
      <Filter>Header Files</Filter>
    </ClInclude>
    <ClInclude Include="..\Common\Module.h">
      <Filter>Header Files</Filter>
    </ClInclude>
    <ClInclude Include="..\Common\MotorControl.h">
      <Filter>Header Files</Filter>
    </ClInclude>
    <ClInclude Include="..\Common\NMEAParser.h">
      <Filter>Header Files</Filter>
    </ClInclude>
    <ClInclude Include="..\Common\osbmp.h">
      <Filter>Header Files</Filter>
    </ClInclude>
    <ClInclude Include="..\Common\PathDoc.h">
      <Filter>Header Files</Filter>
    </ClInclude>
    <ClInclude Include="..\Common\PathStruct.h">
      <Filter>Header Files</Filter>
    </ClInclude>
    <ClInclude Include="..\Common\PathView.h">
      <Filter>Header Files</Filter>
    </ClInclude>
    <ClInclude Include="..\Common\PenWidthsDlg.h">
      <Filter>Header Files</Filter>
    </ClInclude>
    <ClInclude Include="..\Common\RadarDisplayWnd.h">
      <Filter>Header Files</Filter>
    </ClInclude>
    <ClInclude Include="..\Common\Robot.h">
      <Filter>Header Files</Filter>
    </ClInclude>
    <ClInclude Include="..\Common\RobotAI.h">
      <Filter>Header Files</Filter>
    </ClInclude>
    <ClInclude Include="..\Common\RobotClientSock.h">
      <Filter>Header Files</Filter>
    </ClInclude>
    <ClInclude Include="..\Common\RobotCmdDoc.h">
      <Filter>Header Files</Filter>
    </ClInclude>
    <ClInclude Include="..\Common\RobotCmdView.h">
      <Filter>Header Files</Filter>
    </ClInclude>
    <ClInclude Include="..\Common\RobotServerSock.h">
      <Filter>Header Files</Filter>
    </ClInclude>
    <ClInclude Include="..\Common\RobotSharedParams.h">
      <Filter>Header Files</Filter>
    </ClInclude>
    <ClInclude Include="..\Common\RotateMapDlg.h">
      <Filter>Header Files</Filter>
    </ClInclude>
    <ClInclude Include="..\Common\SetupDoc.h">
      <Filter>Header Files</Filter>
    </ClInclude>
    <ClInclude Include="..\Common\SetupView.h">
      <Filter>Header Files</Filter>
    </ClInclude>
    <ClInclude Include="..\Common\thread.h">
      <Filter>Header Files</Filter>
    </ClInclude>
    <ClInclude Include="..\Common\WiiControl.h">
      <Filter>Header Files</Filter>
    </ClInclude>
    <ClInclude Include="..\Common\WiiMoteCommon.h">
      <Filter>Header Files</Filter>
    </ClInclude>
    <ClInclude Include="..\Common\DrawDevice.h">
      <Filter>Header Files</Filter>
    </ClInclude>
    <ClInclude Include="..\Common\ClientOrServer.h">
      <Filter>Header Files</Filter>
    </ClInclude>
    <ClInclude Include="..\Common\SpeechReco.h">
      <Filter>Header Files</Filter>
    </ClInclude>
    <ClInclude Include="..\Common\Speak.h">
      <Filter>Header Files</Filter>
    </ClInclude>
    <ClInclude Include="..\Common\LokiPicInterface.h">
      <Filter>Header Files</Filter>
    </ClInclude>
    <ClInclude Include="..\Common\HWInterfaceLokiArduino.h">
      <Filter>Header Files</Filter>
    </ClInclude>
    <ClInclude Include="..\Common\HWInterfaceLokiPic.h">
      <Filter>Header Files</Filter>
    </ClInclude>
    <ClInclude Include="..\Common\HWInterfaceSeeker.h">
      <Filter>Header Files</Filter>
    </ClInclude>
    <ClInclude Include="..\Common\HWInterfaceOther.h">
      <Filter>Header Files</Filter>
    </ClInclude>
    <ClInclude Include="..\Common\HWInterfaceParams.h">
      <Filter>Header Files</Filter>
    </ClInclude>
    <ClInclude Include="..\Common\RobotType.h">
      <Filter>Header Files</Filter>
    </ClInclude>
    <ClInclude Include="..\Common\CameraCommon.h">
      <Filter>Header Files</Filter>
    </ClInclude>
  </ItemGroup>
  <ItemGroup>
    <ClCompile Include="stdafx.cpp">
      <Filter>Source Files</Filter>
    </ClCompile>
    <ClCompile Include="..\Common\ArmBehavior.cpp">
      <Filter>Source Files</Filter>
    </ClCompile>
    <ClCompile Include="..\Common\ArmBehaviorLeft.cpp">
      <Filter>Source Files</Filter>
    </ClCompile>
    <ClCompile Include="..\Common\ArmBehaviorRight.cpp">
      <Filter>Source Files</Filter>
    </ClCompile>
    <ClCompile Include="..\Common\ArmControl.cpp">
      <Filter>Source Files</Filter>
    </ClCompile>
    <ClCompile Include="..\Common\BehaviorModule.cpp">
      <Filter>Source Files</Filter>
    </ClCompile>
    <ClCompile Include="..\Common\ChildFrm.cpp">
      <Filter>Source Files</Filter>
    </ClCompile>
    <ClCompile Include="..\Common\ClientSock.cpp">
      <Filter>Source Files</Filter>
    </ClCompile>
    <ClCompile Include="..\Common\DynamixelControl.cpp">
      <Filter>Source Files</Filter>
    </ClCompile>
    <ClCompile Include="..\Common\Globals.cpp">
      <Filter>Source Files</Filter>
    </ClCompile>
    <ClCompile Include="..\Common\GridNavModule.cpp">
      <Filter>Source Files</Filter>
    </ClCompile>
    <ClCompile Include="..\Common\HeadBehavior.cpp">
      <Filter>Source Files</Filter>
    </ClCompile>
    <ClCompile Include="..\Common\HeadControl.cpp">
      <Filter>Source Files</Filter>
    </ClCompile>
    <ClCompile Include="..\Common\KerrControl.cpp">
      <Filter>Source Files</Filter>
    </ClCompile>
    <ClCompile Include="..\Common\KinectModule.cpp">
      <Filter>Source Files</Filter>
    </ClCompile>
    <ClCompile Include="..\Common\LaserDisplayWnd.cpp">
      <Filter>Source Files</Filter>
    </ClCompile>
    <ClCompile Include="..\Common\LaserScanner.cpp">
      <Filter>Source Files</Filter>
    </ClCompile>
    <ClCompile Include="..\Common\MainFrm.cpp">
      <Filter>Source Files</Filter>
    </ClCompile>
    <ClCompile Include="..\Common\MapDoc.cpp">
      <Filter>Source Files</Filter>
    </ClCompile>
    <ClCompile Include="..\Common\MapView.cpp">
      <Filter>Source Files</Filter>
    </ClCompile>
    <ClCompile Include="..\Common\micropather.cpp">
      <Filter>Source Files</Filter>
    </ClCompile>
    <ClCompile Include="..\Common\Module.cpp">
      <Filter>Source Files</Filter>
    </ClCompile>
    <ClCompile Include="..\Common\MotorControliRobot.cpp">
      <Filter>Source Files</Filter>
    </ClCompile>
    <ClCompile Include="..\Common\MotorControlPilot.cpp">
      <Filter>Source Files</Filter>
    </ClCompile>
    <ClCompile Include="..\Common\MotorControlTrex.cpp">
      <Filter>Source Files</Filter>
    </ClCompile>
    <ClCompile Include="..\Common\NavModule.cpp">
      <Filter>Source Files</Filter>
    </ClCompile>
    <ClCompile Include="..\Common\NMEAParser.cpp">
      <Filter>Source Files</Filter>
    </ClCompile>
    <ClCompile Include="..\Common\osbmp.cpp">
      <Filter>Source Files</Filter>
    </ClCompile>
    <ClCompile Include="..\Common\PathDoc.cpp">
      <Filter>Source Files</Filter>
    </ClCompile>
    <ClCompile Include="..\Common\PathStruct.cpp">
      <Filter>Source Files</Filter>
    </ClCompile>
    <ClCompile Include="..\Common\PathView.cpp">
      <Filter>Source Files</Filter>
    </ClCompile>
    <ClCompile Include="..\Common\PenWidthsDlg.cpp">
      <Filter>Source Files</Filter>
    </ClCompile>
    <ClCompile Include="..\Common\RadarDisplayWnd.cpp">
      <Filter>Source Files</Filter>
    </ClCompile>
    <ClCompile Include="..\Common\Robot.cpp">
      <Filter>Source Files</Filter>
    </ClCompile>
    <ClCompile Include="..\Common\RobotCmdDoc.cpp">
      <Filter>Source Files</Filter>
    </ClCompile>
    <ClCompile Include="..\Common\RobotCmdView.cpp">
      <Filter>Source Files</Filter>
    </ClCompile>
    <ClCompile Include="..\Common\RotateMapDlg.cpp">
      <Filter>Source Files</Filter>
    </ClCompile>
    <ClCompile Include="..\Common\SensorModule.cpp">
      <Filter>Source Files</Filter>
    </ClCompile>
    <ClCompile Include="..\Common\ServerSock.cpp">
      <Filter>Source Files</Filter>
    </ClCompile>
    <ClCompile Include="..\Common\SetupDoc.cpp">
      <Filter>Source Files</Filter>
    </ClCompile>
    <ClCompile Include="..\Common\SetupView.cpp">
      <Filter>Source Files</Filter>
    </ClCompile>
    <ClCompile Include="..\Common\Simulator.cpp">
      <Filter>Source Files</Filter>
    </ClCompile>
    <ClCompile Include="..\Common\Thread.cpp">
      <Filter>Source Files</Filter>
    </ClCompile>
    <ClCompile Include="..\Common\WiiControl.cpp">
      <Filter>Source Files</Filter>
    </ClCompile>
    <ClCompile Include="..\Common\DrawDevice.cpp">
      <Filter>Source Files</Filter>
    </ClCompile>
    <ClCompile Include="..\Common\Speak.cpp">
      <Filter>Source Files</Filter>
    </ClCompile>
    <ClCompile Include="..\Common\SpeechReco.cpp">
      <Filter>Source Files</Filter>
    </ClCompile>
    <ClCompile Include="..\Common\DriveControlModule.cpp">
      <Filter>Source Files</Filter>
    </ClCompile>
    <ClCompile Include="..\Common\DriveBehaviorModule.cpp">
      <Filter>Source Files</Filter>
    </ClCompile>
    <ClCompile Include="..\Common\HWInterfaceArduino.cpp">
      <Filter>Source Files</Filter>
    </ClCompile>
    <ClCompile Include="..\Common\HWInterfaceKobuki.cpp">
      <Filter>Source Files</Filter>
    </ClCompile>
    <ClCompile Include="..\Common\HWInterfaceOther.cpp">
      <Filter>Source Files</Filter>
    </ClCompile>
    <ClCompile Include="..\Common\SensorModuleCarbot.cpp">
      <Filter>Source Files</Filter>
    </ClCompile>
    <ClCompile Include="..\Common\SensorModuleLoki.cpp">
      <Filter>Source Files</Filter>
    </ClCompile>
    <ClCompile Include="..\Common\DriveAvoidanceModule.cpp">
      <Filter>Source Files</Filter>
    </ClCompile>
  </ItemGroup>
  <ItemGroup>
    <ResourceCompile Include="Loki.rc">
      <Filter>Resource Files</Filter>
    </ResourceCompile>
  </ItemGroup>
</Project>